
Microsoft Visual Studio Solution File, Format Version 12.00
# Visual Studio 15
VisualStudioVersion = 15.0.27428.2015
MinimumVisualStudioVersion = 10.0.40219.1
Project("{FAE04EC0-301F-11D3-BF4B-00C04F79EFBC}") = "QuartzWebApp", "QuartzWebApp\QuartzWebApp.csproj", "{5076DF4E-4F21-4857-B1E3-74E8499D81DD}"
EndProject
Project("{FAE04EC0-301F-11D3-BF4B-00C04F79EFBC}") = "QuartzLibrary", "QuartzLibrary\QuartzLibrary.csproj", "{1AAD0FFC-D420-47D1-A2D8-83FE5CFB8415}"
EndProject
Global
	GlobalSection(SolutionConfigurationPlatforms) = preSolution
		Debug|Any CPU = Debug|Any CPU
		Release|Any CPU = Release|Any CPU
	EndGlobalSection
	GlobalSection(ProjectConfigurationPlatforms) = postSolution
		{5076DF4E-4F21-4857-B1E3-74E8499D81DD}.Debug|Any CPU.ActiveCfg = Debug|Any CPU
		{5076DF4E-4F21-4857-B1E3-74E8499D81DD}.Debug|Any CPU.Build.0 = Debug|Any CPU
		{5076DF4E-4F21-4857-B1E3-74E8499D81DD}.Release|Any CPU.ActiveCfg = Release|Any CPU
		{5076DF4E-4F21-4857-B1E3-74E8499D81DD}.Release|Any CPU.Build.0 = Release|Any CPU
		{1AAD0FFC-D420-47D1-A2D8-83FE5CFB8415}.Debug|Any CPU.ActiveCfg = Debug|Any CPU
		{1AAD0FFC-D420-47D1-A2D8-83FE5CFB8415}.Debug|Any CPU.Build.0 = Debug|Any CPU
		{1AAD0FFC-D420-47D1-A2D8-83FE5CFB8415}.Release|Any CPU.ActiveCfg = Release|Any CPU
		{1AAD0FFC-D420-47D1-A2D8-83FE5CFB8415}.Release|Any CPU.Build.0 = Release|Any CPU
	EndGlobalSection
	GlobalSection(SolutionProperties) = preSolution
		HideSolutionNode = FALSE
	EndGlobalSection
	GlobalSection(ExtensibilityGlobals) = postSolution
		SolutionGuid = {466BD3D6-B8ED-47FB-B625-317FF7601CA1}
	EndGlobalSection
EndGlobal
